
Microsoft Visual Studio Solution File, Format Version 12.00
# Visual Studio Version 16
VisualStudioVersion = 16.0.29306.81
MinimumVisualStudioVersion = 10.0.40219.1
Project("{9A19103F-16F7-4668-BE54-9A1E7A4F7556}") = "Demo.NLogApp.RabbitMQ", "src\Demo.NLogApp.RabbitMQ\Demo.NLogApp.RabbitMQ.csproj", "{BA469194-76FE-49A7-90A6-8E99C2F2EDA3}"
EndProject
Project("{FAE04EC0-301F-11D3-BF4B-00C04F79EFBC}") = "Demo.NLogApp.RabbitMQ.Logger", "Demo.NLogApp.RabbitMQ.Logger\Demo.NLogApp.RabbitMQ.Logger.csproj", "{ED2F2AFE-4319-4F40-8A46-007B2159E8F6}"
EndProject
Global
	GlobalSection(SolutionConfigurationPlatforms) = preSolution
		Debug|Any CPU = Debug|Any CPU
		Release|Any CPU = Release|Any CPU
	EndGlobalSection
	GlobalSection(ProjectConfigurationPlatforms) = postSolution
		{BA469194-76FE-49A7-90A6-8E99C2F2EDA3}.Debug|Any CPU.ActiveCfg = Debug|Any CPU
		{BA469194-76FE-49A7-90A6-8E99C2F2EDA3}.Debug|Any CPU.Build.0 = Debug|Any CPU
		{BA469194-76FE-49A7-90A6-8E99C2F2EDA3}.Release|Any CPU.ActiveCfg = Release|Any CPU
		{BA469194-76FE-49A7-90A6-8E99C2F2EDA3}.Release|Any CPU.Build.0 = Release|Any CPU
		{ED2F2AFE-4319-4F40-8A46-007B2159E8F6}.Debug|Any CPU.ActiveCfg = Debug|Any CPU
		{ED2F2AFE-4319-4F40-8A46-007B2159E8F6}.Debug|Any CPU.Build.0 = Debug|Any CPU
		{ED2F2AFE-4319-4F40-8A46-007B2159E8F6}.Release|Any CPU.ActiveCfg = Release|Any CPU
		{ED2F2AFE-4319-4F40-8A46-007B2159E8F6}.Release|Any CPU.Build.0 = Release|Any CPU
	EndGlobalSection
	GlobalSection(SolutionProperties) = preSolution
		HideSolutionNode = FALSE
	EndGlobalSection
	GlobalSection(ExtensibilityGlobals) = postSolution
		SolutionGuid = {6EA9D195-F441-4AB9-A964-D239A1EC4B79}
	EndGlobalSection
EndGlobal
